# This file is generated by running "yarn install" inside your project.
# Manual changes might be lost - proceed with caution!

__metadata:
  version: 7
  cacheKey: 9

"@babel/helper-string-parser@npm:^7.18.10":
  version: 7.18.10
  resolution: "@babel/helper-string-parser@npm:7.18.10"
  checksum: 560311d97de8023c64551ba8525dc0117cd11f908ab61451f3f3ac679a1b0781e926249faadd147001c535d5aff5d45d72bc7eb72c1e8e756338b288ca3f6133
  languageName: node
  linkType: hard

"@babel/helper-validator-identifier@npm:^7.18.6":
  version: 7.18.6
  resolution: "@babel/helper-validator-identifier@npm:7.18.6"
  checksum: 665356113236e4de93e1d0055276c896c870842cf64496d5633fe00726eef8e096fcbc687385f5ce2c23d815bf60dfd15d3b9ae341503394bd925aec616d3c10
  languageName: node
  linkType: hard

"@babel/parser@npm:^7.18.13":
  version: 7.18.13
  resolution: "@babel/parser@npm:7.18.13"
  bin:
    parser: ./bin/babel-parser.js
  checksum: a0ca562c6691210519906ef3c385502003cbc17a7f8837a6da13fad044a69316fa4fe285df11ca3578bbb41fe2d4d8ff9369082c5aff816d3127fe3cc4154f4d
  languageName: node
  linkType: hard

"@babel/runtime@npm:^7.6.2":
  version: 7.18.9
  resolution: "@babel/runtime@npm:7.18.9"
  dependencies:
    regenerator-runtime: "npm:^0.13.4"
  checksum: 1581271f6f303662c74e992fc52aaaaa6119eb74ebff5328ff6998a7058795d442d19a5585faa43e344c4e7d48677faf94184a139b5941254069bc0ee579e467
  languageName: node
  linkType: hard

"@babel/types@npm:^7.8.3":
  version: 7.18.13
  resolution: "@babel/types@npm:7.18.13"
  dependencies:
    "@babel/helper-string-parser": "npm:^7.18.10"
    "@babel/helper-validator-identifier": "npm:^7.18.6"
    to-fast-properties: "npm:^2.0.0"
  checksum: 7eaad815d59d6c108ffb2ada375d8052da4bc1670c6cdc87db9db4fe1480456f601abc54dac8b2ceccf75585350f8f2c97a13308a86a802a1f1c1d21f40d9662
  languageName: node
  linkType: hard

"@bn-digital/prettier-config@npm:^2.0.0":
  version: 2.0.0
  resolution: "@bn-digital/prettier-config@npm:2.0.0"
  dependencies:
    "@babel/parser": "npm:^7.18.13"
    prettier: "npm:^2.7.1"
  peerDependenciesMeta:
    prettier:
      optional: false
  checksum: 73d8cb418f479b0cb38fcf505b2cff2240634ef99449310bf53558925b843e822d95ff72c3681465c68990335427370495ce295b7c5679102d6b94fc67635463
  languageName: node
  linkType: hard

"@bn-digital/strapi-plugin-field-uuid@workspace:packages/strapi-plugin-field-uuid":
  version: 0.0.0-use.local
  resolution: "@bn-digital/strapi-plugin-field-uuid@workspace:packages/strapi-plugin-field-uuid"
  dependencies:
    "@strapi/design-system": "npm:^1.2.2"
    "@types/uuid": "npm:^8.3.4"
    typescript: "npm:^4.8.2"
    uuid: "npm:^8.3.2"
  languageName: unknown
  linkType: soft

"@internationalized/number@npm:^3.1.1":
  version: 3.1.1
  resolution: "@internationalized/number@npm:3.1.1"
  dependencies:
    "@babel/runtime": "npm:^7.6.2"
  checksum: c2dbaf7e4d137b9825e71540df6b160cac2ff67fff458c2365fa53b455bd952a6f10b32cc7adfc90b7664b22e6edbbedf1bf5c2d33315b415995c2926a8df357
  languageName: node
  linkType: hard

"@strapi/design-system@npm:^1.2.2":
  version: 1.2.2
  resolution: "@strapi/design-system@npm:1.2.2"
  dependencies:
    "@internationalized/number": "npm:^3.1.1"
    compute-scroll-into-view: "npm:^1.0.17"
    prop-types: "npm:^15.7.2"
  peerDependencies:
    "@strapi/icons": ^1.2.1
    react: ^17.0.1
    react-dom: ^17.0.1
    react-router-dom: ^5.2.0
    styled-components: ^5.2.1
  checksum: f963b5ec8b953da7322d1e90f7de9a63fbd60e59c77b465ea9d7a905d3809703fa197199253ae9d339fd72846d7e07fefd31e598a213751962df54ca1640156f
  languageName: node
  linkType: hard

"@types/uuid@npm:^8.3.4":
  version: 8.3.4
  resolution: "@types/uuid@npm:8.3.4"
  checksum: 42fa6d1868c459444c257fe418f624067aabfbe550ce97d9c124c5759a16f03bc475dc82086eefee807571608830b2f955e688c0e63e40aad5eb29b573471492
  languageName: node
  linkType: hard

"bn-digital@workspace:.":
  version: 0.0.0-use.local
  resolution: "bn-digital@workspace:."
  dependencies:
    "@bn-digital/prettier-config": "npm:^2.0.0"
  languageName: unknown
  linkType: soft

"compute-scroll-into-view@npm:^1.0.17":
  version: 1.0.17
  resolution: "compute-scroll-into-view@npm:1.0.17"
  checksum: e2b5a4bef079c52ed7d26a09044252a48f234b2f395c65a57178031698906322566d1e1de20c4baa770f905374a079b8daa0a8f1c8aa40cb4bf7d106e835f34c
  languageName: node
  linkType: hard

"js-tokens@npm:^3.0.0 || ^4.0.0":
  version: 4.0.0
  resolution: "js-tokens@npm:4.0.0"
  checksum: 47d1c18dc6b9eed4baf1db3d81b36feb95b463201c82ffce0d7a4d65ede596ba97d6ac2468974199705db9ef8a3433606af41fc7bbe7cb25c1dd601785413d9b
  languageName: node
  linkType: hard

"loose-envify@npm:^1.4.0":
  version: 1.4.0
  resolution: "loose-envify@npm:1.4.0"
  dependencies:
    js-tokens: "npm:^3.0.0 || ^4.0.0"
  bin:
    loose-envify: cli.js
  checksum: 39c5fc44c6a8f7f8a92cccf174554fbb307477ef493760407920fdd4ed5f6cc1aec5b6a5ab3c3767ef79547b3e1aea09d8ca08d773232c662d910cfe473a0590
  languageName: node
  linkType: hard

"object-assign@npm:^4.1.1":
  version: 4.1.1
  resolution: "object-assign@npm:4.1.1"
  checksum: f5cd1f2f1e82e12207e4f2377d9d7d90fbc0d9822a6afa717a6dcab6930d8925e1ebbbb25df770c31ff11335ee423459ba65ffa2e53999926c328b806b4d73d6
  languageName: node
  linkType: hard

"prettier@npm:^2.7.1":
  version: 2.7.1
  resolution: "prettier@npm:2.7.1"
  bin:
    prettier: bin-prettier.js
  checksum: d2cd7adc83b4f3eb86ab665fa76c58fb3c60c879b37e6d858f71a9d97d2091d4c8a7fe92ad6a1dfa211832025e3660635df9c5e27b3ef79c99d431923bdf933b
  languageName: node
  linkType: hard

"prop-types@npm:^15.7.2":
  version: 15.8.1
  resolution: "prop-types@npm:15.8.1"
  dependencies:
    loose-envify: "npm:^1.4.0"
    object-assign: "npm:^4.1.1"
    react-is: "npm:^16.13.1"
  checksum: 196295f119e0f38ec64b43c1121a7e3bdbfcf66b86a01d50df22a247eb22b644033097b53a3b0961ce64d540c7a2c505c844ff245cb548b4f6eda59bbac6fbf0
  languageName: node
  linkType: hard

"react-is@npm:^16.13.1":
  version: 16.13.1
  resolution: "react-is@npm:16.13.1"
  checksum: 0c9adc5d984db733fb1dd298f3e94cdec66bc328d27fb11df65971d2cc9a299008bc64baab8fe8e79943df85b445a1008b2cc9e270825d0fd056e5a0d2df8de6
  languageName: node
  linkType: hard

"regenerator-runtime@npm:^0.13.4":
  version: 0.13.9
  resolution: "regenerator-runtime@npm:0.13.9"
  checksum: db060af0b2ca8bb7f12aea9dcf7416ff80259b39c2ddd38e0bd705b0a7acd9f07be133e543bbf54af1e86253b6fd553e3050fd6b30c3282731dd27560427f065
  languageName: node
  linkType: hard

"to-fast-properties@npm:^2.0.0":
  version: 2.0.0
  resolution: "to-fast-properties@npm:2.0.0"
  checksum: 49d863a314830916634c1a28911db62be419b93fbc430c18955584f112d0e20ccd078c319c5a9af077e11bbf42cdcd8405726262bfb2d4db9fe91ae9f5585ed2
  languageName: node
  linkType: hard

"typescript@npm:^4.8.2":
  version: 4.8.2
  resolution: "typescript@npm:4.8.2"
  bin:
    tsc: bin/tsc
    tsserver: bin/tsserver
  checksum: 67ffddd3d17e9f998a184925725222bfb63aab9d786542879006cff335e897c3a386b9ee564c0a5dc65e5b97cd3c66914096b1b60b9e418171cde2894cc994a8
  languageName: node
  linkType: hard

"typescript@patch:typescript@npm%3A^4.8.2#optional!builtin<compat/typescript>":
  version: 4.8.2
  resolution: "typescript@patch:typescript@npm%3A4.8.2#optional!builtin<compat/typescript>::version=4.8.2&hash=a1c5e5"
  bin:
    tsc: bin/tsc
    tsserver: bin/tsserver
  checksum: d9756ca701560f13bff90b078f3641835450cab0168f6bd1cd03aa8a25440474a3b9d5df0a9d0486cc5d633b04009f505993cec175dea6142e541501c73be68e
  languageName: node
  linkType: hard

"uuid@npm:^8.3.2":
  version: 8.3.2
  resolution: "uuid@npm:8.3.2"
  bin:
    uuid: dist/bin/uuid
  checksum: 236a12282c6fa32f326aa1b6d5699a843572e9ab7de84a1507a6b7c315fdcf55bf6ed333fd37d35c5c656f4cb96af998844e1c8cae281c442a1ec3b66df62962
  languageName: node
  linkType: hard
